{
  "version": 4,
  "terraform_version": "1.3.1",
  "serial": 92,
  "lineage": "1d0f517e-bdfc-c907-3cc7-b64d5bd14f76",
  "outputs": {},
  "resources": [
    {
      "mode": "managed",
      "type": "azurerm_network_security_group",
      "name": "nsg_01",
      "provider": "provider[\"registry.terraform.io/hashicorp/azurerm\"]",
      "instances": [
        {
          "schema_version": 0,
          "attributes": {
            "id": "/subscriptions/677bcc02-a3a7-468e-b9ce-5f51cdc6a6c7/resourceGroups/RG-02/providers/Microsoft.Network/networkSecurityGroups/nsg-01",
            "location": "westeurope",
            "name": "nsg-01",
            "resource_group_name": "RG-02",
            "security_rule": [],
            "tags": null,
            "timeouts": null
          },
          "sensitive_attributes": [],
          "private": "eyJlMmJmYjczMC1lY2FhLTExZTYtOGY4OC0zNDM2M2JjN2M0YzAiOnsiY3JlYXRlIjoxODAwMDAwMDAwMDAwLCJkZWxldGUiOjE4MDAwMDAwMDAwMDAsInJlYWQiOjMwMDAwMDAwMDAwMCwidXBkYXRlIjoxODAwMDAwMDAwMDAwfX0="
        }
      ]
    },
    {
      "mode": "managed",
      "type": "azurerm_resource_group",
      "name": "RG_02",
      "provider": "provider[\"registry.terraform.io/hashicorp/azurerm\"]",
      "instances": [
        {
          "schema_version": 0,
          "attributes": {
            "id": "/subscriptions/677bcc02-a3a7-468e-b9ce-5f51cdc6a6c7/resourceGroups/RG-02",
            "location": "westeurope",
            "name": "RG-02",
            "tags": {},
            "timeouts": null
          },
          "sensitive_attributes": [],
          "private": "eyJlMmJmYjczMC1lY2FhLTExZTYtOGY4OC0zNDM2M2JjN2M0YzAiOnsiY3JlYXRlIjo1NDAwMDAwMDAwMDAwLCJkZWxldGUiOjU0MDAwMDAwMDAwMDAsInJlYWQiOjMwMDAwMDAwMDAwMCwidXBkYXRlIjo1NDAwMDAwMDAwMDAwfX0="
        }
      ]
    },
    {
      "mode": "managed",
      "type": "azurerm_virtual_network",
      "name": "vnet_01",
      "provider": "provider[\"registry.terraform.io/hashicorp/azurerm\"]",
      "instances": [
        {
          "schema_version": 0,
          "attributes": {
            "address_space": [
              "10.0.0.0/16"
            ],
            "bgp_community": "",
            "ddos_protection_plan": [],
            "dns_servers": [
              "10.0.0.4",
              "10.0.0.5"
            ],
            "edge_zone": "",
            "flow_timeout_in_minutes": 0,
            "guid": "d1dca6f7-e147-49aa-addd-65c385b7b0d9",
            "id": "/subscriptions/677bcc02-a3a7-468e-b9ce-5f51cdc6a6c7/resourceGroups/RG-02/providers/Microsoft.Network/virtualNetworks/vnet-01",
            "location": "westeurope",
            "name": "vnet-01",
            "resource_group_name": "RG-02",
            "subnet": [
              {
                "address_prefix": "10.0.1.0/24",
                "id": "/subscriptions/677bcc02-a3a7-468e-b9ce-5f51cdc6a6c7/resourceGroups/RG-02/providers/Microsoft.Network/virtualNetworks/vnet-01/subnets/subnet1",
                "name": "subnet1",
                "security_group": ""
              },
              {
                "address_prefix": "10.0.2.0/24",
                "id": "/subscriptions/677bcc02-a3a7-468e-b9ce-5f51cdc6a6c7/resourceGroups/RG-02/providers/Microsoft.Network/virtualNetworks/vnet-01/subnets/subnet2",
                "name": "subnet2",
                "security_group": "/subscriptions/677bcc02-a3a7-468e-b9ce-5f51cdc6a6c7/resourceGroups/RG-02/providers/Microsoft.Network/networkSecurityGroups/nsg-01"
              }
            ],
            "tags": {
              "environment": "Production"
            },
            "timeouts": null
          },
          "sensitive_attributes": [],
          "private": "eyJlMmJmYjczMC1lY2FhLTExZTYtOGY4OC0zNDM2M2JjN2M0YzAiOnsiY3JlYXRlIjoxODAwMDAwMDAwMDAwLCJkZWxldGUiOjE4MDAwMDAwMDAwMDAsInJlYWQiOjMwMDAwMDAwMDAwMCwidXBkYXRlIjoxODAwMDAwMDAwMDAwfX0=",
          "dependencies": [
            "azurerm_network_security_group.nsg_01"
          ]
        }
      ]
    }
  ],
  "check_results": []
}
